
Microsoft Visual Studio Solution File, Format Version 12.00
# Visual Studio Version 17
VisualStudioVersion = 17.6.33815.320
MinimumVisualStudioVersion = 10.0.40219.1
Project("{FAE04EC0-301F-11D3-BF4B-00C04F79EFBC}") = "HackerApi", "HackerApi.csproj", "{CCA2C28C-AA38-452F-8C0D-75BA154BE68B}"
EndProject
Global
	GlobalSection(SolutionConfigurationPlatforms) = preSolution
		Debug|Any CPU = Debug|Any CPU
		Release|Any CPU = Release|Any CPU
	EndGlobalSection
	GlobalSection(ProjectConfigurationPlatforms) = postSolution
		{CCA2C28C-AA38-452F-8C0D-75BA154BE68B}.Debug|Any CPU.ActiveCfg = Debug|Any CPU
		{CCA2C28C-AA38-452F-8C0D-75BA154BE68B}.Debug|Any CPU.Build.0 = Debug|Any CPU
		{CCA2C28C-AA38-452F-8C0D-75BA154BE68B}.Release|Any CPU.ActiveCfg = Release|Any CPU
		{CCA2C28C-AA38-452F-8C0D-75BA154BE68B}.Release|Any CPU.Build.0 = Release|Any CPU
	EndGlobalSection
	GlobalSection(SolutionProperties) = preSolution
		HideSolutionNode = FALSE
	EndGlobalSection
	GlobalSection(ExtensibilityGlobals) = postSolution
		SolutionGuid = {578A5B63-7A05-4803-B14F-6863B20F8A87}
	EndGlobalSection
EndGlobal
